
Microsoft Visual Studio Solution File, Format Version 12.00
# Visual Studio Version 17
VisualStudioVersion = 17.9.34714.143
MinimumVisualStudioVersion = 10.0.40219.1
Project("{9A19103F-16F7-4668-BE54-9A1E7A4F7556}") = "KVIPSR_RAIPUR", "KVIPSR_RAIPUR.csproj", "{7823944E-EBE4-4237-B4F7-8150260FCE83}"
EndProject
Global
	GlobalSection(SolutionConfigurationPlatforms) = preSolution
		Debug|Any CPU = Debug|Any CPU
		Release|Any CPU = Release|Any CPU
	EndGlobalSection
	GlobalSection(ProjectConfigurationPlatforms) = postSolution
		{7823944E-EBE4-4237-B4F7-8150260FCE83}.Debug|Any CPU.ActiveCfg = Debug|Any CPU
		{7823944E-EBE4-4237-B4F7-8150260FCE83}.Debug|Any CPU.Build.0 = Debug|Any CPU
		{7823944E-EBE4-4237-B4F7-8150260FCE83}.Release|Any CPU.ActiveCfg = Release|Any CPU
		{7823944E-EBE4-4237-B4F7-8150260FCE83}.Release|Any CPU.Build.0 = Release|Any CPU
	EndGlobalSection
	GlobalSection(SolutionProperties) = preSolution
		HideSolutionNode = FALSE
	EndGlobalSection
	GlobalSection(ExtensibilityGlobals) = postSolution
		SolutionGuid = {0CF665F5-5993-4077-AE15-60257221A35F}
	EndGlobalSection
EndGlobal
